
Microsoft Visual Studio Solution File, Format Version 11.00
# Visual Studio 2010
Project("{FAE04EC0-301F-11D3-BF4B-00C04F79EFBC}") = "nScanty", "nScanty\nScanty.csproj", "{8E84323F-3A52-4432-8C6D-992CC8288932}"
EndProject
Global
	GlobalSection(SolutionConfigurationPlatforms) = preSolution
		Debug|Any CPU = Debug|Any CPU
		Release|Any CPU = Release|Any CPU
	EndGlobalSection
	GlobalSection(ProjectConfigurationPlatforms) = postSolution
		{8E84323F-3A52-4432-8C6D-992CC8288932}.Debug|Any CPU.ActiveCfg = Debug|Any CPU
		{8E84323F-3A52-4432-8C6D-992CC8288932}.Debug|Any CPU.Build.0 = Debug|Any CPU
		{8E84323F-3A52-4432-8C6D-992CC8288932}.Release|Any CPU.ActiveCfg = Release|Any CPU
		{8E84323F-3A52-4432-8C6D-992CC8288932}.Release|Any CPU.Build.0 = Release|Any CPU
	EndGlobalSection
	GlobalSection(SolutionProperties) = preSolution
		HideSolutionNode = FALSE
	EndGlobalSection
EndGlobal
